
Microsoft Visual Studio Solution File, Format Version 12.00
# Visual Studio Version 17
VisualStudioVersion = 17.5.33424.131
MinimumVisualStudioVersion = 10.0.40219.1
Project("{FAE04EC0-301F-11D3-BF4B-00C04F79EFBC}") = "MotorClaims", "MotorClaims\MotorClaims.csproj", "{75971D7E-0284-4426-9A76-FD9B980C4F00}"
EndProject
Global
	GlobalSection(SolutionConfigurationPlatforms) = preSolution
		Debug|Any CPU = Debug|Any CPU
		Release|Any CPU = Release|Any CPU
	EndGlobalSection
	GlobalSection(ProjectConfigurationPlatforms) = postSolution
		{75971D7E-0284-4426-9A76-FD9B980C4F00}.Debug|Any CPU.ActiveCfg = Debug|Any CPU
		{75971D7E-0284-4426-9A76-FD9B980C4F00}.Debug|Any CPU.Build.0 = Debug|Any CPU
		{75971D7E-0284-4426-9A76-FD9B980C4F00}.Release|Any CPU.ActiveCfg = Release|Any CPU
		{75971D7E-0284-4426-9A76-FD9B980C4F00}.Release|Any CPU.Build.0 = Release|Any CPU
	EndGlobalSection
	GlobalSection(SolutionProperties) = preSolution
		HideSolutionNode = FALSE
	EndGlobalSection
	GlobalSection(ExtensibilityGlobals) = postSolution
		SolutionGuid = {5276F46E-2DC6-4D8A-B2AA-72E2CC8D98D0}
	EndGlobalSection
EndGlobal
